
Microsoft Visual Studio Solution File, Format Version 12.00
# Visual Studio 14
VisualStudioVersion = 14.0.25420.1
MinimumVisualStudioVersion = 10.0.40219.1
Project("{2150E333-8FDC-42A3-9474-1A3956D46DE8}") = "Test", "Test", "{90504E60-5E97-46B4-9002-D5042AF92562}"
EndProject
Project("{2150E333-8FDC-42A3-9474-1A3956D46DE8}") = "Lib", "Lib", "{10680455-2919-4A79-BB1D-1E97B93F069F}"
EndProject
Project("{FAE04EC0-301F-11D3-BF4B-00C04F79EFBC}") = "TestWeChat", "TestWeChat\TestWeChat.csproj", "{C24BEF0E-EF5B-4764-A051-53CE837C56BB}"
EndProject
Project("{FAE04EC0-301F-11D3-BF4B-00C04F79EFBC}") = "WeChat", "WeChat\WeChat.csproj", "{433C8E75-5E86-4CE0-B581-26006FC75CF8}"
EndProject
Global
	GlobalSection(SolutionConfigurationPlatforms) = preSolution
		Debug|Any CPU = Debug|Any CPU
		Release|Any CPU = Release|Any CPU
	EndGlobalSection
	GlobalSection(ProjectConfigurationPlatforms) = postSolution
		{C24BEF0E-EF5B-4764-A051-53CE837C56BB}.Debug|Any CPU.ActiveCfg = Debug|Any CPU
		{C24BEF0E-EF5B-4764-A051-53CE837C56BB}.Debug|Any CPU.Build.0 = Debug|Any CPU
		{C24BEF0E-EF5B-4764-A051-53CE837C56BB}.Release|Any CPU.ActiveCfg = Release|Any CPU
		{C24BEF0E-EF5B-4764-A051-53CE837C56BB}.Release|Any CPU.Build.0 = Release|Any CPU
		{433C8E75-5E86-4CE0-B581-26006FC75CF8}.Debug|Any CPU.ActiveCfg = Debug|Any CPU
		{433C8E75-5E86-4CE0-B581-26006FC75CF8}.Debug|Any CPU.Build.0 = Debug|Any CPU
		{433C8E75-5E86-4CE0-B581-26006FC75CF8}.Release|Any CPU.ActiveCfg = Release|Any CPU
		{433C8E75-5E86-4CE0-B581-26006FC75CF8}.Release|Any CPU.Build.0 = Release|Any CPU
	EndGlobalSection
	GlobalSection(SolutionProperties) = preSolution
		HideSolutionNode = FALSE
	EndGlobalSection
	GlobalSection(NestedProjects) = preSolution
		{C24BEF0E-EF5B-4764-A051-53CE837C56BB} = {90504E60-5E97-46B4-9002-D5042AF92562}
		{433C8E75-5E86-4CE0-B581-26006FC75CF8} = {10680455-2919-4A79-BB1D-1E97B93F069F}
	EndGlobalSection
EndGlobal
